
Microsoft Visual Studio Solution File, Format Version 12.00
# Visual Studio Version 17
VisualStudioVersion = 17.1.32210.238
MinimumVisualStudioVersion = 10.0.40219.1
Project("{FAE04EC0-301F-11D3-BF4B-00C04F79EFBC}") = "Test_IT", "Test_IT\Test_IT.csproj", "{B3F979F2-94C6-4628-AA91-DAD49D8EBDBA}"
EndProject
Global
	GlobalSection(SolutionConfigurationPlatforms) = preSolution
		Debug|Any CPU = Debug|Any CPU
		Release|Any CPU = Release|Any CPU
	EndGlobalSection
	GlobalSection(ProjectConfigurationPlatforms) = postSolution
		{B3F979F2-94C6-4628-AA91-DAD49D8EBDBA}.Debug|Any CPU.ActiveCfg = Debug|Any CPU
		{B3F979F2-94C6-4628-AA91-DAD49D8EBDBA}.Debug|Any CPU.Build.0 = Debug|Any CPU
		{B3F979F2-94C6-4628-AA91-DAD49D8EBDBA}.Release|Any CPU.ActiveCfg = Release|Any CPU
		{B3F979F2-94C6-4628-AA91-DAD49D8EBDBA}.Release|Any CPU.Build.0 = Release|Any CPU
	EndGlobalSection
	GlobalSection(SolutionProperties) = preSolution
		HideSolutionNode = FALSE
	EndGlobalSection
	GlobalSection(ExtensibilityGlobals) = postSolution
		SolutionGuid = {694CCBE4-0F18-47C0-A0BA-EA380F6DB023}
	EndGlobalSection
EndGlobal
